
Microsoft Visual Studio Solution File, Format Version 12.00
# Visual Studio Version 17
VisualStudioVersion = 17.9.34728.123
MinimumVisualStudioVersion = 10.0.40219.1
Project("{FAE04EC0-301F-11D3-BF4B-00C04F79EFBC}") = "ms-users", "ms-users.csproj", "{CAE3261F-99E9-4AD5-AA07-491DF703A536}"
EndProject
Global
	GlobalSection(SolutionConfigurationPlatforms) = preSolution
		Debug|Any CPU = Debug|Any CPU
		Release|Any CPU = Release|Any CPU
	EndGlobalSection
	GlobalSection(ProjectConfigurationPlatforms) = postSolution
		{CAE3261F-99E9-4AD5-AA07-491DF703A536}.Debug|Any CPU.ActiveCfg = Debug|Any CPU
		{CAE3261F-99E9-4AD5-AA07-491DF703A536}.Debug|Any CPU.Build.0 = Debug|Any CPU
		{CAE3261F-99E9-4AD5-AA07-491DF703A536}.Release|Any CPU.ActiveCfg = Release|Any CPU
		{CAE3261F-99E9-4AD5-AA07-491DF703A536}.Release|Any CPU.Build.0 = Release|Any CPU
	EndGlobalSection
	GlobalSection(SolutionProperties) = preSolution
		HideSolutionNode = FALSE
	EndGlobalSection
	GlobalSection(ExtensibilityGlobals) = postSolution
		SolutionGuid = {4708D9EB-8C67-4C4F-8720-F79650AC8EC9}
	EndGlobalSection
EndGlobal
